
Microsoft Visual Studio Solution File, Format Version 12.00
# Visual Studio Version 17
VisualStudioVersion = 17.14.36127.28 d17.14
MinimumVisualStudioVersion = 10.0.40219.1
Project("{FAE04EC0-301F-11D3-BF4B-00C04F79EFBC}") = "SCHOOL_SYSTEM", "SCHOOL_SYSTEM\SCHOOL_SYSTEM.csproj", "{260B50F1-D648-433F-9982-BE5CE76DD277}"
EndProject
Global
	GlobalSection(SolutionConfigurationPlatforms) = preSolution
		Debug|Any CPU = Debug|Any CPU
		Release|Any CPU = Release|Any CPU
	EndGlobalSection
	GlobalSection(ProjectConfigurationPlatforms) = postSolution
		{260B50F1-D648-433F-9982-BE5CE76DD277}.Debug|Any CPU.ActiveCfg = Debug|Any CPU
		{260B50F1-D648-433F-9982-BE5CE76DD277}.Debug|Any CPU.Build.0 = Debug|Any CPU
		{260B50F1-D648-433F-9982-BE5CE76DD277}.Release|Any CPU.ActiveCfg = Release|Any CPU
		{260B50F1-D648-433F-9982-BE5CE76DD277}.Release|Any CPU.Build.0 = Release|Any CPU
	EndGlobalSection
	GlobalSection(SolutionProperties) = preSolution
		HideSolutionNode = FALSE
	EndGlobalSection
	GlobalSection(ExtensibilityGlobals) = postSolution
		SolutionGuid = {76170200-CD30-458D-A444-CF5A7652455D}
	EndGlobalSection
EndGlobal
